// !$*UTF8*$!
{
	archiveVersion = 1;
	classes = {
	};
	objectVersion = 46;
	objects = {

/* Begin PBXBuildFile section */
		0F79F24082A58FCB29F117AD /* libPods.a in Frameworks */ = {isa = PBXBuildFile; fileRef = CE101881797890B33C32F13B /* libPods.a */; };
		2A060F901B43E8BA009F9EC7 /* MWTariffListDataModel.m in Sources */ = {isa = PBXBuildFile; fileRef = 2A060F8F1B43E8BA009F9EC7 /* MWTariffListDataModel.m */; };
		2A060F931B43FDC0009F9EC7 /* MWDetailTextViewController.m in Sources */ = {isa = PBXBuildFile; fileRef = 2A060F921B43FDC0009F9EC7 /* MWDetailTextViewController.m */; };
		2A060F961B43FDEB009F9EC7 /* MWDetailTableViewController.m in Sources */ = {isa = PBXBuildFile; fileRef = 2A060F951B43FDEB009F9EC7 /* MWDetailTableViewController.m */; };
		2A3B83CC1B370484008EDCD5 /* MWInputViewButton.m in Sources */ = {isa = PBXBuildFile; fileRef = 2A3B83CB1B370484008EDCD5 /* MWInputViewButton.m */; };
		2A3B83CE1B3705A7008EDCD5 /* Localizable.strings in Resources */ = {isa = PBXBuildFile; fileRef = 2A3B83CD1B3705A7008EDCD5 /* Localizable.strings */; };
		2A3B83D11B384E3F008EDCD5 /* MWTariffModel.m in Sources */ = {isa = PBXBuildFile; fileRef = 2A3B83D01B384E3F008EDCD5 /* MWTariffModel.m */; };
		2A3B83D41B38588C008EDCD5 /* MWTariffViewModel.m in Sources */ = {isa = PBXBuildFile; fileRef = 2A3B83D31B38588C008EDCD5 /* MWTariffViewModel.m */; };
		2A3B83D81B399FD2008EDCD5 /* MWBaseTableViewController.m in Sources */ = {isa = PBXBuildFile; fileRef = 2A3B83D71B399FD2008EDCD5 /* MWBaseTableViewController.m */; };
		2A3B83DB1B39A01D008EDCD5 /* MWIAETTableViewController.m in Sources */ = {isa = PBXBuildFile; fileRef = 2A3B83DA1B39A01D008EDCD5 /* MWIAETTableViewController.m */; };
		2A3B83DE1B39A643008EDCD5 /* MWBaseTableViewCell.m in Sources */ = {isa = PBXBuildFile; fileRef = 2A3B83DD1B39A643008EDCD5 /* MWBaseTableViewCell.m */; };
		2A3B83E11B39A65E008EDCD5 /* MWListCell.m in Sources */ = {isa = PBXBuildFile; fileRef = 2A3B83E01B39A65E008EDCD5 /* MWListCell.m */; };
		2A3B83E41B39A741008EDCD5 /* MWListHeaderView.m in Sources */ = {isa = PBXBuildFile; fileRef = 2A3B83E31B39A741008EDCD5 /* MWListHeaderView.m */; };
		2A3B83E71B418588008EDCD5 /* MWTariffListViewModel.m in Sources */ = {isa = PBXBuildFile; fileRef = 2A3B83E61B418588008EDCD5 /* MWTariffListViewModel.m */; };
		2A3B83EA1B418B62008EDCD5 /* MWAPIManager.m in Sources */ = {isa = PBXBuildFile; fileRef = 2A3B83E91B418B62008EDCD5 /* MWAPIManager.m */; };
		2A3B83F01B418E6F008EDCD5 /* MWAPIHelper.m in Sources */ = {isa = PBXBuildFile; fileRef = 2A3B83EF1B418E6F008EDCD5 /* MWAPIHelper.m */; };
		2A3B83F31B4190C9008EDCD5 /* MWConstString.m in Sources */ = {isa = PBXBuildFile; fileRef = 2A3B83F21B4190C9008EDCD5 /* MWConstString.m */; };
		2A3B83F91B42BFC2008EDCD5 /* NSDictionary+MWGetURLString.m in Sources */ = {isa = PBXBuildFile; fileRef = 2A3B83F81B42BFC2008EDCD5 /* NSDictionary+MWGetURLString.m */; };
		2A3B83FC1B42D59D008EDCD5 /* NSDictionary+MWJSONTransform.m in Sources */ = {isa = PBXBuildFile; fileRef = 2A3B83FB1B42D59D008EDCD5 /* NSDictionary+MWJSONTransform.m */; };
		2A3B83FF1B42DAA5008EDCD5 /* NSError+MWErrorString.m in Sources */ = {isa = PBXBuildFile; fileRef = 2A3B83FE1B42DAA5008EDCD5 /* NSError+MWErrorString.m */; };
		2A95A6DA1B26F0AD00F29E04 /* main.m in Sources */ = {isa = PBXBuildFile; fileRef = 2A95A6D91B26F0AD00F29E04 /* main.m */; };
		2A95A6DD1B26F0AD00F29E04 /* AppDelegate.m in Sources */ = {isa = PBXBuildFile; fileRef = 2A95A6DC1B26F0AD00F29E04 /* AppDelegate.m */; };
		2A95A6E31B26F0AD00F29E04 /* Main.storyboard in Resources */ = {isa = PBXBuildFile; fileRef = 2A95A6E11B26F0AD00F29E04 /* Main.storyboard */; };
		2A95A6E51B26F0AD00F29E04 /* Images.xcassets in Resources */ = {isa = PBXBuildFile; fileRef = 2A95A6E41B26F0AD00F29E04 /* Images.xcassets */; };
		2A95A6E81B26F0AD00F29E04 /* LaunchScreen.xib in Resources */ = {isa = PBXBuildFile; fileRef = 2A95A6E61B26F0AD00F29E04 /* LaunchScreen.xib */; };
		2A95A6F41B26F0AD00F29E04 /* CustomsTests.m in Sources */ = {isa = PBXBuildFile; fileRef = 2A95A6F31B26F0AD00F29E04 /* CustomsTests.m */; };
		2A95A7051B27021700F29E04 /* MWBaseNavigationController.m in Sources */ = {isa = PBXBuildFile; fileRef = 2A95A7041B27021700F29E04 /* MWBaseNavigationController.m */; };
		2A95A7081B27030600F29E04 /* MWBaseViewController.m in Sources */ = {isa = PBXBuildFile; fileRef = 2A95A7071B27030600F29E04 /* MWBaseViewController.m */; };
		2A95A70B1B27032E00F29E04 /* MWNetworking.m in Sources */ = {isa = PBXBuildFile; fileRef = 2A95A70A1B27032E00F29E04 /* MWNetworking.m */; };
		2A95A7161B295B8700F29E04 /* MWHomeViewController.m in Sources */ = {isa = PBXBuildFile; fileRef = 2A95A7151B295B8700F29E04 /* MWHomeViewController.m */; };
		2A95A7191B295C4200F29E04 /* MWHomeButton.m in Sources */ = {isa = PBXBuildFile; fileRef = 2A95A7181B295C4200F29E04 /* MWHomeButton.m */; };
		2A95A71C1B29881C00F29E04 /* MWEntranceViewModel.m in Sources */ = {isa = PBXBuildFile; fileRef = 2A95A71B1B29881C00F29E04 /* MWEntranceViewModel.m */; };
		2A95A7231B29C17B00F29E04 /* MWFontHelper.m in Sources */ = {isa = PBXBuildFile; fileRef = 2A95A7221B29C17B00F29E04 /* MWFontHelper.m */; };
		2A95A72A1B29C84800F29E04 /* MWIAETViewController.m in Sources */ = {isa = PBXBuildFile; fileRef = 2A95A7291B29C84800F29E04 /* MWIAETViewController.m */; };
		2A95A72D1B29CC9C00F29E04 /* MWSingleTextField.m in Sources */ = {isa = PBXBuildFile; fileRef = 2A95A72C1B29CC9C00F29E04 /* MWSingleTextField.m */; };
		2AEC8A961B33EBFD0010E557 /* MWInputView.m in Sources */ = {isa = PBXBuildFile; fileRef = 2AEC8A951B33EBFD0010E557 /* MWInputView.m */; };
		2AEC8A9B1B35BEA00010E557 /* MWListDataModel.m in Sources */ = {isa = PBXBuildFile; fileRef = 2AEC8A9A1B35BEA00010E557 /* MWListDataModel.m */; };
/* End PBXBuildFile section */

/* Begin PBXContainerItemProxy section */
		2A95A6EE1B26F0AD00F29E04 /* PBXContainerItemProxy */ = {
			isa = PBXContainerItemProxy;
			containerPortal = 2A95A6CC1B26F0AD00F29E04 /* Project object */;
			proxyType = 1;
			remoteGlobalIDString = 2A95A6D31B26F0AD00F29E04;
			remoteInfo = Customs;
		};
/* End PBXContainerItemProxy section */

/* Begin PBXFileReference section */
		2A060F8E1B43E8BA009F9EC7 /* MWTariffListDataModel.h */ = {isa = PBXFileReference; fileEncoding = 4; lastKnownFileType = sourcecode.c.h; path = MWTariffListDataModel.h; sourceTree = "<group>"; };
		2A060F8F1B43E8BA009F9EC7 /* MWTariffListDataModel.m */ = {isa = PBXFileReference; fileEncoding = 4; lastKnownFileType = sourcecode.c.objc; path = MWTariffListDataModel.m; sourceTree = "<group>"; };
		2A060F911B43FDC0009F9EC7 /* MWDetailTextViewController.h */ = {isa = PBXFileReference; fileEncoding = 4; lastKnownFileType = sourcecode.c.h; path = MWDetailTextViewController.h; sourceTree = "<group>"; };
		2A060F921B43FDC0009F9EC7 /* MWDetailTextViewController.m */ = {isa = PBXFileReference; fileEncoding = 4; lastKnownFileType = sourcecode.c.objc; path = MWDetailTextViewController.m; sourceTree = "<group>"; };
		2A060F941B43FDEB009F9EC7 /* MWDetailTableViewController.h */ = {isa = PBXFileReference; fileEncoding = 4; lastKnownFileType = sourcecode.c.h; path = MWDetailTableViewController.h; sourceTree = "<group>"; };
		2A060F951B43FDEB009F9EC7 /* MWDetailTableViewController.m */ = {isa = PBXFileReference; fileEncoding = 4; lastKnownFileType = sourcecode.c.objc; path = MWDetailTableViewController.m; sourceTree = "<group>"; };
		2A3B83CA1B370484008EDCD5 /* MWInputViewButton.h */ = {isa = PBXFileReference; fileEncoding = 4; lastKnownFileType = sourcecode.c.h; path = MWInputViewButton.h; sourceTree = "<group>"; };
		2A3B83CB1B370484008EDCD5 /* MWInputViewButton.m */ = {isa = PBXFileReference; fileEncoding = 4; lastKnownFileType = sourcecode.c.objc; path = MWInputViewButton.m; sourceTree = "<group>"; };
		2A3B83CD1B3705A7008EDCD5 /* Localizable.strings */ = {isa = PBXFileReference; fileEncoding = 4; lastKnownFileType = text.plist.strings; path = Localizable.strings; sourceTree = "<group>"; };
		2A3B83CF1B384E3F008EDCD5 /* MWTariffModel.h */ = {isa = PBXFileReference; fileEncoding = 4; lastKnownFileType = sourcecode.c.h; path = MWTariffModel.h; sourceTree = "<group>"; };
		2A3B83D01B384E3F008EDCD5 /* MWTariffModel.m */ = {isa = PBXFileReference; fileEncoding = 4; lastKnownFileType = sourcecode.c.objc; path = MWTariffModel.m; sourceTree = "<group>"; };
		2A3B83D21B38588C008EDCD5 /* MWTariffViewModel.h */ = {isa = PBXFileReference; fileEncoding = 4; lastKnownFileType = sourcecode.c.h; path = MWTariffViewModel.h; sourceTree = "<group>"; };
		2A3B83D31B38588C008EDCD5 /* MWTariffViewModel.m */ = {isa = PBXFileReference; fileEncoding = 4; lastKnownFileType = sourcecode.c.objc; path = MWTariffViewModel.m; sourceTree = "<group>"; };
		2A3B83D51B394CC1008EDCD5 /* customs.pch */ = {isa = PBXFileReference; lastKnownFileType = sourcecode.c.h; path = customs.pch; sourceTree = "<group>"; };
		2A3B83D61B399FD2008EDCD5 /* MWBaseTableViewController.h */ = {isa = PBXFileReference; fileEncoding = 4; lastKnownFileType = sourcecode.c.h; path = MWBaseTableViewController.h; sourceTree = "<group>"; };
		2A3B83D71B399FD2008EDCD5 /* MWBaseTableViewController.m */ = {isa = PBXFileReference; fileEncoding = 4; lastKnownFileType = sourcecode.c.objc; path = MWBaseTableViewController.m; sourceTree = "<group>"; };
		2A3B83D91B39A01D008EDCD5 /* MWIAETTableViewController.h */ = {isa = PBXFileReference; fileEncoding = 4; lastKnownFileType = sourcecode.c.h; path = MWIAETTableViewController.h; sourceTree = "<group>"; };
		2A3B83DA1B39A01D008EDCD5 /* MWIAETTableViewController.m */ = {isa = PBXFileReference; fileEncoding = 4; lastKnownFileType = sourcecode.c.objc; path = MWIAETTableViewController.m; sourceTree = "<group>"; };
		2A3B83DC1B39A643008EDCD5 /* MWBaseTableViewCell.h */ = {isa = PBXFileReference; fileEncoding = 4; lastKnownFileType = sourcecode.c.h; path = MWBaseTableViewCell.h; sourceTree = "<group>"; };
		2A3B83DD1B39A643008EDCD5 /* MWBaseTableViewCell.m */ = {isa = PBXFileReference; fileEncoding = 4; lastKnownFileType = sourcecode.c.objc; path = MWBaseTableViewCell.m; sourceTree = "<group>"; };
		2A3B83DF1B39A65E008EDCD5 /* MWListCell.h */ = {isa = PBXFileReference; fileEncoding = 4; lastKnownFileType = sourcecode.c.h; path = MWListCell.h; sourceTree = "<group>"; };
		2A3B83E01B39A65E008EDCD5 /* MWListCell.m */ = {isa = PBXFileReference; fileEncoding = 4; lastKnownFileType = sourcecode.c.objc; path = MWListCell.m; sourceTree = "<group>"; };
		2A3B83E21B39A741008EDCD5 /* MWListHeaderView.h */ = {isa = PBXFileReference; fileEncoding = 4; lastKnownFileType = sourcecode.c.h; path = MWListHeaderView.h; sourceTree = "<group>"; };
		2A3B83E31B39A741008EDCD5 /* MWListHeaderView.m */ = {isa = PBXFileReference; fileEncoding = 4; lastKnownFileType = sourcecode.c.objc; path = MWListHeaderView.m; sourceTree = "<group>"; };
		2A3B83E51B418588008EDCD5 /* MWTariffListViewModel.h */ = {isa = PBXFileReference; fileEncoding = 4; lastKnownFileType = sourcecode.c.h; path = MWTariffListViewModel.h; sourceTree = "<group>"; };
		2A3B83E61B418588008EDCD5 /* MWTariffListViewModel.m */ = {isa = PBXFileReference; fileEncoding = 4; lastKnownFileType = sourcecode.c.objc; path = MWTariffListViewModel.m; sourceTree = "<group>"; };
		2A3B83E81B418B62008EDCD5 /* MWAPIManager.h */ = {isa = PBXFileReference; fileEncoding = 4; lastKnownFileType = sourcecode.c.h; path = MWAPIManager.h; sourceTree = "<group>"; };
		2A3B83E91B418B62008EDCD5 /* MWAPIManager.m */ = {isa = PBXFileReference; fileEncoding = 4; lastKnownFileType = sourcecode.c.objc; path = MWAPIManager.m; sourceTree = "<group>"; };
		2A3B83EE1B418E6F008EDCD5 /* MWAPIHelper.h */ = {isa = PBXFileReference; fileEncoding = 4; lastKnownFileType = sourcecode.c.h; path = MWAPIHelper.h; sourceTree = "<group>"; };
		2A3B83EF1B418E6F008EDCD5 /* MWAPIHelper.m */ = {isa = PBXFileReference; fileEncoding = 4; lastKnownFileType = sourcecode.c.objc; path = MWAPIHelper.m; sourceTree = "<group>"; };
		2A3B83F11B4190C9008EDCD5 /* MWConstString.h */ = {isa = PBXFileReference; fileEncoding = 4; lastKnownFileType = sourcecode.c.h; path = MWConstString.h; sourceTree = "<group>"; };
		2A3B83F21B4190C9008EDCD5 /* MWConstString.m */ = {isa = PBXFileReference; fileEncoding = 4; lastKnownFileType = sourcecode.c.objc; path = MWConstString.m; sourceTree = "<group>"; };
		2A3B83F51B419951008EDCD5 /* MWProtocols.h */ = {isa = PBXFileReference; fileEncoding = 4; lastKnownFileType = sourcecode.c.h; path = MWProtocols.h; sourceTree = "<group>"; };
		2A3B83F71B42BFC2008EDCD5 /* NSDictionary+MWGetURLString.h */ = {isa = PBXFileReference; fileEncoding = 4; lastKnownFileType = sourcecode.c.h; path = "NSDictionary+MWGetURLString.h"; sourceTree = "<group>"; };
		2A3B83F81B42BFC2008EDCD5 /* NSDictionary+MWGetURLString.m */ = {isa = PBXFileReference; fileEncoding = 4; lastKnownFileType = sourcecode.c.objc; path = "NSDictionary+MWGetURLString.m"; sourceTree = "<group>"; };
		2A3B83FA1B42D59D008EDCD5 /* NSDictionary+MWJSONTransform.h */ = {isa = PBXFileReference; fileEncoding = 4; lastKnownFileType = sourcecode.c.h; path = "NSDictionary+MWJSONTransform.h"; sourceTree = "<group>"; };
		2A3B83FB1B42D59D008EDCD5 /* NSDictionary+MWJSONTransform.m */ = {isa = PBXFileReference; fileEncoding = 4; lastKnownFileType = sourcecode.c.objc; path = "NSDictionary+MWJSONTransform.m"; sourceTree = "<group>"; };
		2A3B83FD1B42DAA5008EDCD5 /* NSError+MWErrorString.h */ = {isa = PBXFileReference; fileEncoding = 4; lastKnownFileType = sourcecode.c.h; path = "NSError+MWErrorString.h"; sourceTree = "<group>"; };
		2A3B83FE1B42DAA5008EDCD5 /* NSError+MWErrorString.m */ = {isa = PBXFileReference; fileEncoding = 4; lastKnownFileType = sourcecode.c.objc; path = "NSError+MWErrorString.m"; sourceTree = "<group>"; };
		2A95A6D41B26F0AD00F29E04 /* Customs.app */ = {isa = PBXFileReference; explicitFileType = wrapper.application; includeInIndex = 0; path = Customs.app; sourceTree = BUILT_PRODUCTS_DIR; };
		2A95A6D81B26F0AD00F29E04 /* Info.plist */ = {isa = PBXFileReference; lastKnownFileType = text.plist.xml; path = Info.plist; sourceTree = "<group>"; };
		2A95A6D91B26F0AD00F29E04 /* main.m */ = {isa = PBXFileReference; lastKnownFileType = sourcecode.c.objc; path = main.m; sourceTree = "<group>"; };
		2A95A6DB1B26F0AD00F29E04 /* AppDelegate.h */ = {isa = PBXFileReference; lastKnownFileType = sourcecode.c.h; path = AppDelegate.h; sourceTree = "<group>"; };
		2A95A6DC1B26F0AD00F29E04 /* AppDelegate.m */ = {isa = PBXFileReference; lastKnownFileType = sourcecode.c.objc; path = AppDelegate.m; sourceTree = "<group>"; };
		2A95A6E21B26F0AD00F29E04 /* Base */ = {isa = PBXFileReference; lastKnownFileType = file.storyboard; name = Base; path = Base.lproj/Main.storyboard; sourceTree = "<group>"; };
		2A95A6E41B26F0AD00F29E04 /* Images.xcassets */ = {isa = PBXFileReference; lastKnownFileType = folder.assetcatalog; path = Images.xcassets; sourceTree = "<group>"; };
		2A95A6E71B26F0AD00F29E04 /* Base */ = {isa = PBXFileReference; lastKnownFileType = file.xib; name = Base; path = Base.lproj/LaunchScreen.xib; sourceTree = "<group>"; };
		2A95A6ED1B26F0AD00F29E04 /* CustomsTests.xctest */ = {isa = PBXFileReference; explicitFileType = wrapper.cfbundle; includeInIndex = 0; path = CustomsTests.xctest; sourceTree = BUILT_PRODUCTS_DIR; };
		2A95A6F21B26F0AD00F29E04 /* Info.plist */ = {isa = PBXFileReference; lastKnownFileType = text.plist.xml; path = Info.plist; sourceTree = "<group>"; };
		2A95A6F31B26F0AD00F29E04 /* CustomsTests.m */ = {isa = PBXFileReference; lastKnownFileType = sourcecode.c.objc; path = CustomsTests.m; sourceTree = "<group>"; };
		2A95A7001B26F2FF00F29E04 /* MWViews.h */ = {isa = PBXFileReference; lastKnownFileType = sourcecode.c.h; path = MWViews.h; sourceTree = "<group>"; };
		2A95A7011B26F31A00F29E04 /* MWUtils.h */ = {isa = PBXFileReference; lastKnownFileType = sourcecode.c.h; path = MWUtils.h; sourceTree = "<group>"; };
		2A95A7021B26F32800F29E04 /* MWBase.h */ = {isa = PBXFileReference; lastKnownFileType = sourcecode.c.h; path = MWBase.h; sourceTree = "<group>"; };
		2A95A7031B27021700F29E04 /* MWBaseNavigationController.h */ = {isa = PBXFileReference; fileEncoding = 4; lastKnownFileType = sourcecode.c.h; path = MWBaseNavigationController.h; sourceTree = "<group>"; };
		2A95A7041B27021700F29E04 /* MWBaseNavigationController.m */ = {isa = PBXFileReference; fileEncoding = 4; lastKnownFileType = sourcecode.c.objc; path = MWBaseNavigationController.m; sourceTree = "<group>"; };
		2A95A7061B27030600F29E04 /* MWBaseViewController.h */ = {isa = PBXFileReference; fileEncoding = 4; lastKnownFileType = sourcecode.c.h; path = MWBaseViewController.h; sourceTree = "<group>"; };
		2A95A7071B27030600F29E04 /* MWBaseViewController.m */ = {isa = PBXFileReference; fileEncoding = 4; lastKnownFileType = sourcecode.c.objc; path = MWBaseViewController.m; sourceTree = "<group>"; };
		2A95A7091B27032E00F29E04 /* MWNetworking.h */ = {isa = PBXFileReference; fileEncoding = 4; lastKnownFileType = sourcecode.c.h; path = MWNetworking.h; sourceTree = "<group>"; };
		2A95A70A1B27032E00F29E04 /* MWNetworking.m */ = {isa = PBXFileReference; fileEncoding = 4; lastKnownFileType = sourcecode.c.objc; path = MWNetworking.m; sourceTree = "<group>"; };
		2A95A70D1B27036600F29E04 /* MWConst.h */ = {isa = PBXFileReference; lastKnownFileType = sourcecode.c.h; path = MWConst.h; sourceTree = "<group>"; };
		2A95A7101B2703BD00F29E04 /* MWMacro.h */ = {isa = PBXFileReference; lastKnownFileType = sourcecode.c.h; path = MWMacro.h; sourceTree = "<group>"; };
		2A95A7121B2939F300F29E04 /* MWViewModel.h */ = {isa = PBXFileReference; lastKnownFileType = sourcecode.c.h; path = MWViewModel.h; sourceTree = "<group>"; };
		2A95A7141B295B8700F29E04 /* MWHomeViewController.h */ = {isa = PBXFileReference; fileEncoding = 4; lastKnownFileType = sourcecode.c.h; path = MWHomeViewController.h; sourceTree = "<group>"; };
		2A95A7151B295B8700F29E04 /* MWHomeViewController.m */ = {isa = PBXFileReference; fileEncoding = 4; lastKnownFileType = sourcecode.c.objc; path = MWHomeViewController.m; sourceTree = "<group>"; };
		2A95A7171B295C4200F29E04 /* MWHomeButton.h */ = {isa = PBXFileReference; fileEncoding = 4; lastKnownFileType = sourcecode.c.h; path = MWHomeButton.h; sourceTree = "<group>"; };
		2A95A7181B295C4200F29E04 /* MWHomeButton.m */ = {isa = PBXFileReference; fileEncoding = 4; lastKnownFileType = sourcecode.c.objc; path = MWHomeButton.m; sourceTree = "<group>"; };
		2A95A71A1B29881C00F29E04 /* MWEntranceViewModel.h */ = {isa = PBXFileReference; fileEncoding = 4; lastKnownFileType = sourcecode.c.h; path = MWEntranceViewModel.h; sourceTree = "<group>"; };
		2A95A71B1B29881C00F29E04 /* MWEntranceViewModel.m */ = {isa = PBXFileReference; fileEncoding = 4; lastKnownFileType = sourcecode.c.objc; path = MWEntranceViewModel.m; sourceTree = "<group>"; };
		2A95A7211B29C17B00F29E04 /* MWFontHelper.h */ = {isa = PBXFileReference; fileEncoding = 4; lastKnownFileType = sourcecode.c.h; path = MWFontHelper.h; sourceTree = "<group>"; };
		2A95A7221B29C17B00F29E04 /* MWFontHelper.m */ = {isa = PBXFileReference; fileEncoding = 4; lastKnownFileType = sourcecode.c.objc; path = MWFontHelper.m; sourceTree = "<group>"; };
		2A95A7281B29C84800F29E04 /* MWIAETViewController.h */ = {isa = PBXFileReference; fileEncoding = 4; lastKnownFileType = sourcecode.c.h; path = MWIAETViewController.h; sourceTree = "<group>"; };
		2A95A7291B29C84800F29E04 /* MWIAETViewController.m */ = {isa = PBXFileReference; fileEncoding = 4; lastKnownFileType = sourcecode.c.objc; path = MWIAETViewController.m; sourceTree = "<group>"; };
		2A95A72B1B29CC9C00F29E04 /* MWSingleTextField.h */ = {isa = PBXFileReference; fileEncoding = 4; lastKnownFileType = sourcecode.c.h; path = MWSingleTextField.h; sourceTree = "<group>"; };
		2A95A72C1B29CC9C00F29E04 /* MWSingleTextField.m */ = {isa = PBXFileReference; fileEncoding = 4; lastKnownFileType = sourcecode.c.objc; path = MWSingleTextField.m; sourceTree = "<group>"; };
		2AEC8A941B33EBFD0010E557 /* MWInputView.h */ = {isa = PBXFileReference; fileEncoding = 4; lastKnownFileType = sourcecode.c.h; path = MWInputView.h; sourceTree = "<group>"; };
		2AEC8A951B33EBFD0010E557 /* MWInputView.m */ = {isa = PBXFileReference; fileEncoding = 4; lastKnownFileType = sourcecode.c.objc; path = MWInputView.m; sourceTree = "<group>"; };
		2AEC8A971B33FFCB0010E557 /* MWHelper.h */ = {isa = PBXFileReference; lastKnownFileType = sourcecode.c.h; path = MWHelper.h; sourceTree = "<group>"; };
		2AEC8A991B35BEA00010E557 /* MWListDataModel.h */ = {isa = PBXFileReference; fileEncoding = 4; lastKnownFileType = sourcecode.c.h; path = MWListDataModel.h; sourceTree = "<group>"; };
		2AEC8A9A1B35BEA00010E557 /* MWListDataModel.m */ = {isa = PBXFileReference; fileEncoding = 4; lastKnownFileType = sourcecode.c.objc; path = MWListDataModel.m; sourceTree = "<group>"; };
		5D1222FD8E5B5CB22B073EAC /* Pods.debug.xcconfig */ = {isa = PBXFileReference; includeInIndex = 1; lastKnownFileType = text.xcconfig; name = Pods.debug.xcconfig; path = "Pods/Target Support Files/Pods/Pods.debug.xcconfig"; sourceTree = "<group>"; };
		93C26B5ED6B39FDA2EC75BED /* Pods.release.xcconfig */ = {isa = PBXFileReference; includeInIndex = 1; lastKnownFileType = text.xcconfig; name = Pods.release.xcconfig; path = "Pods/Target Support Files/Pods/Pods.release.xcconfig"; sourceTree = "<group>"; };
		CE101881797890B33C32F13B /* libPods.a */ = {isa = PBXFileReference; explicitFileType = archive.ar; includeInIndex = 0; path = libPods.a; sourceTree = BUILT_PRODUCTS_DIR; };
/* End PBXFileReference section */

/* Begin PBXFrameworksBuildPhase section */
		2A95A6D11B26F0AD00F29E04 /* Frameworks */ = {
			isa = PBXFrameworksBuildPhase;
			buildActionMask = 2147483647;
			files = (
				0F79F24082A58FCB29F117AD /* libPods.a in Frameworks */,
			);
			runOnlyForDeploymentPostprocessing = 0;
		};
		2A95A6EA1B26F0AD00F29E04 /* Frameworks */ = {
			isa = PBXFrameworksBuildPhase;
			buildActionMask = 2147483647;
			files = (
			);
			runOnlyForDeploymentPostprocessing = 0;
		};
/* End PBXFrameworksBuildPhase section */

/* Begin PBXGroup section */
		2A3B83F61B42BF88008EDCD5 /* Category */ = {
			isa = PBXGroup;
			children = (
				2A3B83F71B42BFC2008EDCD5 /* NSDictionary+MWGetURLString.h */,
				2A3B83F81B42BFC2008EDCD5 /* NSDictionary+MWGetURLString.m */,
				2A3B83FA1B42D59D008EDCD5 /* NSDictionary+MWJSONTransform.h */,
				2A3B83FB1B42D59D008EDCD5 /* NSDictionary+MWJSONTransform.m */,
				2A3B83FD1B42DAA5008EDCD5 /* NSError+MWErrorString.h */,
				2A3B83FE1B42DAA5008EDCD5 /* NSError+MWErrorString.m */,
			);
			path = Category;
			sourceTree = "<group>";
		};
		2A95A6CB1B26F0AD00F29E04 = {
			isa = PBXGroup;
			children = (
				2A95A6D61B26F0AD00F29E04 /* Customs */,
				2A95A6F01B26F0AD00F29E04 /* CustomsTests */,
				2A95A6D51B26F0AD00F29E04 /* Products */,
				31BFD6F06FAB4E728E34B06C /* Pods */,
				F01227D7C9CBBF845A2ED1D1 /* Frameworks */,
			);
			sourceTree = "<group>";
		};
		2A95A6D51B26F0AD00F29E04 /* Products */ = {
			isa = PBXGroup;
			children = (
				2A95A6D41B26F0AD00F29E04 /* Customs.app */,
				2A95A6ED1B26F0AD00F29E04 /* CustomsTests.xctest */,
			);
			name = Products;
			sourceTree = "<group>";
		};
		2A95A6D61B26F0AD00F29E04 /* Customs */ = {
			isa = PBXGroup;
			children = (
				2A3B83F61B42BF88008EDCD5 /* Category */,
				2A95A6FD1B26F2E000F29E04 /* Base */,
				2A95A6FE1B26F2E000F29E04 /* Utils */,
				2A95A6FF1B26F2E000F29E04 /* Views */,
				2A95A70C1B27034900F29E04 /* Const */,
				2A95A7111B2939D800F29E04 /* ViewModel */,
				2AEC8A981B35BE080010E557 /* Model */,
				2A95A7201B29C16900F29E04 /* Helper */,
				2A95A7131B295B6E00F29E04 /* VC */,
				2A95A6DB1B26F0AD00F29E04 /* AppDelegate.h */,
				2A95A6DC1B26F0AD00F29E04 /* AppDelegate.m */,
				2A95A6E11B26F0AD00F29E04 /* Main.storyboard */,
				2A95A6E41B26F0AD00F29E04 /* Images.xcassets */,
				2A95A6E61B26F0AD00F29E04 /* LaunchScreen.xib */,
				2A95A6D71B26F0AD00F29E04 /* Supporting Files */,
			);
			path = Customs;
			sourceTree = "<group>";
		};
		2A95A6D71B26F0AD00F29E04 /* Supporting Files */ = {
			isa = PBXGroup;
			children = (
				2A95A6D81B26F0AD00F29E04 /* Info.plist */,
				2A95A6D91B26F0AD00F29E04 /* main.m */,
				2A3B83D51B394CC1008EDCD5 /* customs.pch */,
			);
			name = "Supporting Files";
			sourceTree = "<group>";
		};
		2A95A6F01B26F0AD00F29E04 /* CustomsTests */ = {
			isa = PBXGroup;
			children = (
				2A95A6F31B26F0AD00F29E04 /* CustomsTests.m */,
				2A95A6F11B26F0AD00F29E04 /* Supporting Files */,
			);
			path = CustomsTests;
			sourceTree = "<group>";
		};
		2A95A6F11B26F0AD00F29E04 /* Supporting Files */ = {
			isa = PBXGroup;
			children = (
				2A95A6F21B26F0AD00F29E04 /* Info.plist */,
			);
			name = "Supporting Files";
			sourceTree = "<group>";
		};
		2A95A6FD1B26F2E000F29E04 /* Base */ = {
			isa = PBXGroup;
			children = (
				2A95A7021B26F32800F29E04 /* MWBase.h */,
				2A95A7031B27021700F29E04 /* MWBaseNavigationController.h */,
				2A95A7041B27021700F29E04 /* MWBaseNavigationController.m */,
				2A95A7061B27030600F29E04 /* MWBaseViewController.h */,
				2A95A7071B27030600F29E04 /* MWBaseViewController.m */,
				2A3B83D61B399FD2008EDCD5 /* MWBaseTableViewController.h */,
				2A3B83D71B399FD2008EDCD5 /* MWBaseTableViewController.m */,
				2A3B83DC1B39A643008EDCD5 /* MWBaseTableViewCell.h */,
				2A3B83DD1B39A643008EDCD5 /* MWBaseTableViewCell.m */,
			);
			path = Base;
			sourceTree = "<group>";
		};
		2A95A6FE1B26F2E000F29E04 /* Utils */ = {
			isa = PBXGroup;
			children = (
				2A95A7011B26F31A00F29E04 /* MWUtils.h */,
				2A95A7091B27032E00F29E04 /* MWNetworking.h */,
				2A95A70A1B27032E00F29E04 /* MWNetworking.m */,
				2A3B83E81B418B62008EDCD5 /* MWAPIManager.h */,
				2A3B83E91B418B62008EDCD5 /* MWAPIManager.m */,
			);
			path = Utils;
			sourceTree = "<group>";
		};
		2A95A6FF1B26F2E000F29E04 /* Views */ = {
			isa = PBXGroup;
			children = (
				2A95A7001B26F2FF00F29E04 /* MWViews.h */,
				2A95A7171B295C4200F29E04 /* MWHomeButton.h */,
				2A95A7181B295C4200F29E04 /* MWHomeButton.m */,
				2A3B83CA1B370484008EDCD5 /* MWInputViewButton.h */,
				2A3B83CB1B370484008EDCD5 /* MWInputViewButton.m */,
				2A95A72B1B29CC9C00F29E04 /* MWSingleTextField.h */,
				2A95A72C1B29CC9C00F29E04 /* MWSingleTextField.m */,
				2AEC8A941B33EBFD0010E557 /* MWInputView.h */,
				2AEC8A951B33EBFD0010E557 /* MWInputView.m */,
				2A3B83DF1B39A65E008EDCD5 /* MWListCell.h */,
				2A3B83E01B39A65E008EDCD5 /* MWListCell.m */,
				2A3B83E21B39A741008EDCD5 /* MWListHeaderView.h */,
				2A3B83E31B39A741008EDCD5 /* MWListHeaderView.m */,
			);
			path = Views;
			sourceTree = "<group>";
		};
		2A95A70C1B27034900F29E04 /* Const */ = {
			isa = PBXGroup;
			children = (
				2A3B83F11B4190C9008EDCD5 /* MWConstString.h */,
				2A3B83F21B4190C9008EDCD5 /* MWConstString.m */,
				2A95A70D1B27036600F29E04 /* MWConst.h */,
				2A95A7101B2703BD00F29E04 /* MWMacro.h */,
				2A3B83CD1B3705A7008EDCD5 /* Localizable.strings */,
			);
			path = Const;
			sourceTree = "<group>";
		};
		2A95A7111B2939D800F29E04 /* ViewModel */ = {
			isa = PBXGroup;
			children = (
				2A95A7121B2939F300F29E04 /* MWViewModel.h */,
				2A95A71A1B29881C00F29E04 /* MWEntranceViewModel.h */,
				2A95A71B1B29881C00F29E04 /* MWEntranceViewModel.m */,
				2A3B83D21B38588C008EDCD5 /* MWTariffViewModel.h */,
				2A3B83D31B38588C008EDCD5 /* MWTariffViewModel.m */,
				2A3B83E51B418588008EDCD5 /* MWTariffListViewModel.h */,
				2A3B83E61B418588008EDCD5 /* MWTariffListViewModel.m */,
			);
			path = ViewModel;
			sourceTree = "<group>";
		};
		2A95A7131B295B6E00F29E04 /* VC */ = {
			isa = PBXGroup;
			children = (
				2A95A7141B295B8700F29E04 /* MWHomeViewController.h */,
				2A95A7151B295B8700F29E04 /* MWHomeViewController.m */,
				2A060F911B43FDC0009F9EC7 /* MWDetailTextViewController.h */,
				2A060F921B43FDC0009F9EC7 /* MWDetailTextViewController.m */,
				2A060F941B43FDEB009F9EC7 /* MWDetailTableViewController.h */,
				2A060F951B43FDEB009F9EC7 /* MWDetailTableViewController.m */,
				2A95A7271B29C80900F29E04 /* 进出口税则 */,
			);
			path = VC;
			sourceTree = "<group>";
		};
		2A95A7201B29C16900F29E04 /* Helper */ = {
			isa = PBXGroup;
			children = (
				2AEC8A971B33FFCB0010E557 /* MWHelper.h */,
				2A3B83F51B419951008EDCD5 /* MWProtocols.h */,
				2A95A7211B29C17B00F29E04 /* MWFontHelper.h */,
				2A95A7221B29C17B00F29E04 /* MWFontHelper.m */,
				2A3B83EE1B418E6F008EDCD5 /* MWAPIHelper.h */,
				2A3B83EF1B418E6F008EDCD5 /* MWAPIHelper.m */,
			);
			path = Helper;
			sourceTree = "<group>";
		};
		2A95A7271B29C80900F29E04 /* 进出口税则 */ = {
			isa = PBXGroup;
			children = (
				2A95A7281B29C84800F29E04 /* MWIAETViewController.h */,
				2A95A7291B29C84800F29E04 /* MWIAETViewController.m */,
				2A3B83D91B39A01D008EDCD5 /* MWIAETTableViewController.h */,
				2A3B83DA1B39A01D008EDCD5 /* MWIAETTableViewController.m */,
			);
			name = "进出口税则";
			sourceTree = "<group>";
		};
		2AEC8A981B35BE080010E557 /* Model */ = {
			isa = PBXGroup;
			children = (
				2AEC8A991B35BEA00010E557 /* MWListDataModel.h */,
				2AEC8A9A1B35BEA00010E557 /* MWListDataModel.m */,
				2A060F8E1B43E8BA009F9EC7 /* MWTariffListDataModel.h */,
				2A060F8F1B43E8BA009F9EC7 /* MWTariffListDataModel.m */,
				2A3B83CF1B384E3F008EDCD5 /* MWTariffModel.h */,
				2A3B83D01B384E3F008EDCD5 /* MWTariffModel.m */,
			);
			path = Model;
			sourceTree = "<group>";
		};
		31BFD6F06FAB4E728E34B06C /* Pods */ = {
			isa = PBXGroup;
			children = (
				5D1222FD8E5B5CB22B073EAC /* Pods.debug.xcconfig */,
				93C26B5ED6B39FDA2EC75BED /* Pods.release.xcconfig */,
			);
			name = Pods;
			sourceTree = "<group>";
		};
		F01227D7C9CBBF845A2ED1D1 /* Frameworks */ = {
			isa = PBXGroup;
			children = (
				CE101881797890B33C32F13B /* libPods.a */,
			);
			name = Frameworks;
			sourceTree = "<group>";
		};
/* End PBXGroup section */

/* Begin PBXNativeTarget section */
		2A95A6D31B26F0AD00F29E04 /* Customs */ = {
			isa = PBXNativeTarget;
			buildConfigurationList = 2A95A6F71B26F0AD00F29E04 /* Build configuration list for PBXNativeTarget "Customs" */;
			buildPhases = (
				FAD0BBB48D2EF28D964689E9 /* Check Pods Manifest.lock */,
				2A95A6D01B26F0AD00F29E04 /* Sources */,
				2A95A6D11B26F0AD00F29E04 /* Frameworks */,
				2A95A6D21B26F0AD00F29E04 /* Resources */,
				A8366230144A1EE98A7ED95D /* Copy Pods Resources */,
			);
			buildRules = (
			);
			dependencies = (
			);
			name = Customs;
			productName = Customs;
			productReference = 2A95A6D41B26F0AD00F29E04 /* Customs.app */;
			productType = "com.apple.product-type.application";
		};
		2A95A6EC1B26F0AD00F29E04 /* CustomsTests */ = {
			isa = PBXNativeTarget;
			buildConfigurationList = 2A95A6FA1B26F0AD00F29E04 /* Build configuration list for PBXNativeTarget "CustomsTests" */;
			buildPhases = (
				2A95A6E91B26F0AD00F29E04 /* Sources */,
				2A95A6EA1B26F0AD00F29E04 /* Frameworks */,
				2A95A6EB1B26F0AD00F29E04 /* Resources */,
			);
			buildRules = (
			);
			dependencies = (
				2A95A6EF1B26F0AD00F29E04 /* PBXTargetDependency */,
			);
			name = CustomsTests;
			productName = CustomsTests;
			productReference = 2A95A6ED1B26F0AD00F29E04 /* CustomsTests.xctest */;
			productType = "com.apple.product-type.bundle.unit-test";
		};
/* End PBXNativeTarget section */

/* Begin PBXProject section */
		2A95A6CC1B26F0AD00F29E04 /* Project object */ = {
			isa = PBXProject;
			attributes = {
				CLASSPREFIX = MW;
				LastUpgradeCheck = 0630;
				ORGANIZATIONNAME = Murphy;
				TargetAttributes = {
					2A95A6D31B26F0AD00F29E04 = {
						CreatedOnToolsVersion = 6.3.2;
					};
					2A95A6EC1B26F0AD00F29E04 = {
						CreatedOnToolsVersion = 6.3.2;
						TestTargetID = 2A95A6D31B26F0AD00F29E04;
					};
				};
			};
			buildConfigurationList = 2A95A6CF1B26F0AD00F29E04 /* Build configuration list for PBXProject "Customs" */;
			compatibilityVersion = "Xcode 3.2";
			developmentRegion = English;
			hasScannedForEncodings = 0;
			knownRegions = (
				en,
				Base,
			);
			mainGroup = 2A95A6CB1B26F0AD00F29E04;
			productRefGroup = 2A95A6D51B26F0AD00F29E04 /* Products */;
			projectDirPath = "";
			projectRoot = "";
			targets = (
				2A95A6D31B26F0AD00F29E04 /* Customs */,
				2A95A6EC1B26F0AD00F29E04 /* CustomsTests */,
			);
		};
/* End PBXProject section */

/* Begin PBXResourcesBuildPhase section */
		2A95A6D21B26F0AD00F29E04 /* Resources */ = {
			isa = PBXResourcesBuildPhase;
			buildActionMask = 2147483647;
			files = (
				2A95A6E31B26F0AD00F29E04 /* Main.storyboard in Resources */,
				2A3B83CE1B3705A7008EDCD5 /* Localizable.strings in Resources */,
				2A95A6E81B26F0AD00F29E04 /* LaunchScreen.xib in Resources */,
				2A95A6E51B26F0AD00F29E04 /* Images.xcassets in Resources */,
			);
			runOnlyForDeploymentPostprocessing = 0;
		};
		2A95A6EB1B26F0AD00F29E04 /* Resources */ = {
			isa = PBXResourcesBuildPhase;
			buildActionMask = 2147483647;
			files = (
			);
			runOnlyForDeploymentPostprocessing = 0;
		};
/* End PBXResourcesBuildPhase section */

/* Begin PBXShellScriptBuildPhase section */
		A8366230144A1EE98A7ED95D /* Copy Pods Resources */ = {
			isa = PBXShellScriptBuildPhase;
			buildActionMask = 2147483647;
			files = (
			);
			inputPaths = (
			);
			name = "Copy Pods Resources";
			outputPaths = (
			);
			runOnlyForDeploymentPostprocessing = 0;
			shellPath = /bin/sh;
			shellScript = "\"${SRCROOT}/Pods/Target Support Files/Pods/Pods-resources.sh\"\n";
			showEnvVarsInLog = 0;
		};
		FAD0BBB48D2EF28D964689E9 /* Check Pods Manifest.lock */ = {
			isa = PBXShellScriptBuildPhase;
			buildActionMask = 2147483647;
			files = (
			);
			inputPaths = (
			);
			name = "Check Pods Manifest.lock";
			outputPaths = (
			);
			runOnlyForDeploymentPostprocessing = 0;
			shellPath = /bin/sh;
			shellScript = "diff \"${PODS_ROOT}/../Podfile.lock\" \"${PODS_ROOT}/Manifest.lock\" > /dev/null\nif [[ $? != 0 ]] ; then\n    cat << EOM\nerror: The sandbox is not in sync with the Podfile.lock. Run 'pod install' or update your CocoaPods installation.\nEOM\n    exit 1\nfi\n";
			showEnvVarsInLog = 0;
		};
/* End PBXShellScriptBuildPhase section */

/* Begin PBXSourcesBuildPhase section */
		2A95A6D01B26F0AD00F29E04 /* Sources */ = {
			isa = PBXSourcesBuildPhase;
			buildActionMask = 2147483647;
			files = (
				2AEC8A9B1B35BEA00010E557 /* MWListDataModel.m in Sources */,
				2A95A71C1B29881C00F29E04 /* MWEntranceViewModel.m in Sources */,
				2A95A7191B295C4200F29E04 /* MWHomeButton.m in Sources */,
				2A3B83E11B39A65E008EDCD5 /* MWListCell.m in Sources */,
				2A95A6DD1B26F0AD00F29E04 /* AppDelegate.m in Sources */,
				2A3B83D81B399FD2008EDCD5 /* MWBaseTableViewController.m in Sources */,
				2A3B83F01B418E6F008EDCD5 /* MWAPIHelper.m in Sources */,
				2A3B83E41B39A741008EDCD5 /* MWListHeaderView.m in Sources */,
				2AEC8A961B33EBFD0010E557 /* MWInputView.m in Sources */,
				2A060F961B43FDEB009F9EC7 /* MWDetailTableViewController.m in Sources */,
				2A060F901B43E8BA009F9EC7 /* MWTariffListDataModel.m in Sources */,
				2A95A72A1B29C84800F29E04 /* MWIAETViewController.m in Sources */,
				2A95A72D1B29CC9C00F29E04 /* MWSingleTextField.m in Sources */,
				2A3B83E71B418588008EDCD5 /* MWTariffListViewModel.m in Sources */,
				2A3B83F91B42BFC2008EDCD5 /* NSDictionary+MWGetURLString.m in Sources */,
				2A95A7231B29C17B00F29E04 /* MWFontHelper.m in Sources */,
				2A95A7161B295B8700F29E04 /* MWHomeViewController.m in Sources */,
				2A3B83EA1B418B62008EDCD5 /* MWAPIManager.m in Sources */,
				2A3B83CC1B370484008EDCD5 /* MWInputViewButton.m in Sources */,
				2A3B83D41B38588C008EDCD5 /* MWTariffViewModel.m in Sources */,
				2A95A7081B27030600F29E04 /* MWBaseViewController.m in Sources */,
				2A95A70B1B27032E00F29E04 /* MWNetworking.m in Sources */,
				2A95A7051B27021700F29E04 /* MWBaseNavigationController.m in Sources */,
				2A3B83FF1B42DAA5008EDCD5 /* NSError+MWErrorString.m in Sources */,
				2A95A6DA1B26F0AD00F29E04 /* main.m in Sources */,
				2A060F931B43FDC0009F9EC7 /* MWDetailTextViewController.m in Sources */,
				2A3B83FC1B42D59D008EDCD5 /* NSDictionary+MWJSONTransform.m in Sources */,
				2A3B83DB1B39A01D008EDCD5 /* MWIAETTableViewController.m in Sources */,
				2A3B83F31B4190C9008EDCD5 /* MWConstString.m in Sources */,
				2A3B83DE1B39A643008EDCD5 /* MWBaseTableViewCell.m in Sources */,
				2A3B83D11B384E3F008EDCD5 /* MWTariffModel.m in Sources */,
			);
			runOnlyForDeploymentPostprocessing = 0;
		};
		2A95A6E91B26F0AD00F29E04 /* Sources */ = {
			isa = PBXSourcesBuildPhase;
			buildActionMask = 2147483647;
			files = (
				2A95A6F41B26F0AD00F29E04 /* CustomsTests.m in Sources */,
			);
			runOnlyForDeploymentPostprocessing = 0;
		};
/* End PBXSourcesBuildPhase section */

/* Begin PBXTargetDependency section */
		2A95A6EF1B26F0AD00F29E04 /* PBXTargetDependency */ = {
			isa = PBXTargetDependency;
			target = 2A95A6D31B26F0AD00F29E04 /* Customs */;
			targetProxy = 2A95A6EE1B26F0AD00F29E04 /* PBXContainerItemProxy */;
		};
/* End PBXTargetDependency section */

/* Begin PBXVariantGroup section */
		2A95A6E11B26F0AD00F29E04 /* Main.storyboard */ = {
			isa = PBXVariantGroup;
			children = (
				2A95A6E21B26F0AD00F29E04 /* Base */,
			);
			name = Main.storyboard;
			sourceTree = "<group>";
		};
		2A95A6E61B26F0AD00F29E04 /* LaunchScreen.xib */ = {
			isa = PBXVariantGroup;
			children = (
				2A95A6E71B26F0AD00F29E04 /* Base */,
			);
			name = LaunchScreen.xib;
			sourceTree = "<group>";
		};
/* End PBXVariantGroup section */

/* Begin XCBuildConfiguration section */
		2A95A6F51B26F0AD00F29E04 /* Debug */ = {
			isa = XCBuildConfiguration;
			buildSettings = {
				ALWAYS_SEARCH_USER_PATHS = NO;
				CLANG_CXX_LANGUAGE_STANDARD = "gnu++0x";
				CLANG_CXX_LIBRARY = "libc++";
				CLANG_ENABLE_MODULES = YES;
				CLANG_ENABLE_OBJC_ARC = YES;
				CLANG_WARN_BOOL_CONVERSION = YES;
				CLANG_WARN_CONSTANT_CONVERSION = YES;
				CLANG_WARN_DIRECT_OBJC_ISA_USAGE = YES_ERROR;
				CLANG_WARN_EMPTY_BODY = YES;
				CLANG_WARN_ENUM_CONVERSION = YES;
				CLANG_WARN_INT_CONVERSION = YES;
				CLANG_WARN_OBJC_ROOT_CLASS = YES_ERROR;
				CLANG_WARN_UNREACHABLE_CODE = YES;
				CLANG_WARN__DUPLICATE_METHOD_MATCH = YES;
				"CODE_SIGN_IDENTITY[sdk=iphoneos*]" = "iPhone Developer";
				COPY_PHASE_STRIP = NO;
				DEBUG_INFORMATION_FORMAT = "dwarf-with-dsym";
				ENABLE_STRICT_OBJC_MSGSEND = YES;
				GCC_C_LANGUAGE_STANDARD = gnu99;
				GCC_DYNAMIC_NO_PIC = NO;
				GCC_NO_COMMON_BLOCKS = YES;
				GCC_OPTIMIZATION_LEVEL = 0;
				GCC_PREPROCESSOR_DEFINITIONS = (
					"DEBUG=1",
					"$(inherited)",
				);
				GCC_SYMBOLS_PRIVATE_EXTERN = NO;
				GCC_WARN_64_TO_32_BIT_CONVERSION = YES;
				GCC_WARN_ABOUT_RETURN_TYPE = YES_ERROR;
				GCC_WARN_UNDECLARED_SELECTOR = YES;
				GCC_WARN_UNINITIALIZED_AUTOS = YES_AGGRESSIVE;
				GCC_WARN_UNUSED_FUNCTION = YES;
				GCC_WARN_UNUSED_VARIABLE = YES;
				IPHONEOS_DEPLOYMENT_TARGET = 6.0;
				MTL_ENABLE_DEBUG_INFO = YES;
				ONLY_ACTIVE_ARCH = YES;
				SDKROOT = iphoneos;
			};
			name = Debug;
		};
		2A95A6F61B26F0AD00F29E04 /* Release */ = {
			isa = XCBuildConfiguration;
			buildSettings = {
				ALWAYS_SEARCH_USER_PATHS = NO;
				CLANG_CXX_LANGUAGE_STANDARD = "gnu++0x";
				CLANG_CXX_LIBRARY = "libc++";
				CLANG_ENABLE_MODULES = YES;
				CLANG_ENABLE_OBJC_ARC = YES;
				CLANG_WARN_BOOL_CONVERSION = YES;
				CLANG_WARN_CONSTANT_CONVERSION = YES;
				CLANG_WARN_DIRECT_OBJC_ISA_USAGE = YES_ERROR;
				CLANG_WARN_EMPTY_BODY = YES;
				CLANG_WARN_ENUM_CONVERSION = YES;
				CLANG_WARN_INT_CONVERSION = YES;
				CLANG_WARN_OBJC_ROOT_CLASS = YES_ERROR;
				CLANG_WARN_UNREACHABLE_CODE = YES;
				CLANG_WARN__DUPLICATE_METHOD_MATCH = YES;
				"CODE_SIGN_IDENTITY[sdk=iphoneos*]" = "iPhone Developer";
				COPY_PHASE_STRIP = NO;
				DEBUG_INFORMATION_FORMAT = "dwarf-with-dsym";
				ENABLE_NS_ASSERTIONS = NO;
				ENABLE_STRICT_OBJC_MSGSEND = YES;
				GCC_C_LANGUAGE_STANDARD = gnu99;
				GCC_NO_COMMON_BLOCKS = YES;
				GCC_WARN_64_TO_32_BIT_CONVERSION = YES;
				GCC_WARN_ABOUT_RETURN_TYPE = YES_ERROR;
				GCC_WARN_UNDECLARED_SELECTOR = YES;
				GCC_WARN_UNINITIALIZED_AUTOS = YES_AGGRESSIVE;
				GCC_WARN_UNUSED_FUNCTION = YES;
				GCC_WARN_UNUSED_VARIABLE = YES;
				IPHONEOS_DEPLOYMENT_TARGET = 6.0;
				MTL_ENABLE_DEBUG_INFO = NO;
				SDKROOT = iphoneos;
				VALIDATE_PRODUCT = YES;
			};
			name = Release;
		};
		2A95A6F81B26F0AD00F29E04 /* Debug */ = {
			isa = XCBuildConfiguration;
			baseConfigurationReference = 5D1222FD8E5B5CB22B073EAC /* Pods.debug.xcconfig */;
			buildSettings = {
				ASSETCATALOG_COMPILER_APPICON_NAME = AppIcon;
				GCC_PRECOMPILE_PREFIX_HEADER = YES;
				GCC_PREFIX_HEADER = "$(SRCROOT)/Customs/customs.pch";
				INFOPLIST_FILE = Customs/Info.plist;
				IPHONEOS_DEPLOYMENT_TARGET = 6.0;
				LD_RUNPATH_SEARCH_PATHS = "$(inherited) @executable_path/Frameworks";
				PRODUCT_NAME = "$(TARGET_NAME)";
				SDKROOT = iphoneos6.1;
				TARGETED_DEVICE_FAMILY = 1;
			};
			name = Debug;
		};
		2A95A6F91B26F0AD00F29E04 /* Release */ = {
			isa = XCBuildConfiguration;
			baseConfigurationReference = 93C26B5ED6B39FDA2EC75BED /* Pods.release.xcconfig */;
			buildSettings = {
				ASSETCATALOG_COMPILER_APPICON_NAME = AppIcon;
				GCC_PRECOMPILE_PREFIX_HEADER = YES;
				GCC_PREFIX_HEADER = "$(SRCROOT)/Customs/customs.pch";
				INFOPLIST_FILE = Customs/Info.plist;
				IPHONEOS_DEPLOYMENT_TARGET = 6.0;
				LD_RUNPATH_SEARCH_PATHS = "$(inherited) @executable_path/Frameworks";
				PRODUCT_NAME = "$(TARGET_NAME)";
				SDKROOT = iphoneos6.1;
				TARGETED_DEVICE_FAMILY = 1;
			};
			name = Release;
		};
		2A95A6FB1B26F0AD00F29E04 /* Debug */ = {
			isa = XCBuildConfiguration;
			buildSettings = {
				BUNDLE_LOADER = "$(TEST_HOST)";
				FRAMEWORK_SEARCH_PATHS = (
					"$(SDKROOT)/Developer/Library/Frameworks",
					"$(inherited)",
				);
				GCC_PREPROCESSOR_DEFINITIONS = (
					"DEBUG=1",
					"$(inherited)",
				);
				INFOPLIST_FILE = CustomsTests/Info.plist;
				LD_RUNPATH_SEARCH_PATHS = "$(inherited) @executable_path/Frameworks @loader_path/Frameworks";
				PRODUCT_NAME = "$(TARGET_NAME)";
				TEST_HOST = "$(BUILT_PRODUCTS_DIR)/Customs.app/Customs";
			};
			name = Debug;
		};
		2A95A6FC1B26F0AD00F29E04 /* Release */ = {
			isa = XCBuildConfiguration;
			buildSettings = {
				BUNDLE_LOADER = "$(TEST_HOST)";
				FRAMEWORK_SEARCH_PATHS = (
					"$(SDKROOT)/Developer/Library/Frameworks",
					"$(inherited)",
				);
				INFOPLIST_FILE = CustomsTests/Info.plist;
				LD_RUNPATH_SEARCH_PATHS = "$(inherited) @executable_path/Frameworks @loader_path/Frameworks";
				PRODUCT_NAME = "$(TARGET_NAME)";
				TEST_HOST = "$(BUILT_PRODUCTS_DIR)/Customs.app/Customs";
			};
			name = Release;
		};
/* End XCBuildConfiguration section */

/* Begin XCConfigurationList section */
		2A95A6CF1B26F0AD00F29E04 /* Build configuration list for PBXProject "Customs" */ = {
			isa = XCConfigurationList;
			buildConfigurations = (
				2A95A6F51B26F0AD00F29E04 /* Debug */,
				2A95A6F61B26F0AD00F29E04 /* Release */,
			);
			defaultConfigurationIsVisible = 0;
			defaultConfigurationName = Release;
		};
		2A95A6F71B26F0AD00F29E04 /* Build configuration list for PBXNativeTarget "Customs" */ = {
			isa = XCConfigurationList;
			buildConfigurations = (
				2A95A6F81B26F0AD00F29E04 /* Debug */,
				2A95A6F91B26F0AD00F29E04 /* Release */,
			);
			defaultConfigurationIsVisible = 0;
			defaultConfigurationName = Release;
		};
		2A95A6FA1B26F0AD00F29E04 /* Build configuration list for PBXNativeTarget "CustomsTests" */ = {
			isa = XCConfigurationList;
			buildConfigurations = (
				2A95A6FB1B26F0AD00F29E04 /* Debug */,
				2A95A6FC1B26F0AD00F29E04 /* Release */,
			);
			defaultConfigurationIsVisible = 0;
			defaultConfigurationName = Release;
		};
/* End XCConfigurationList section */
	};
	rootObject = 2A95A6CC1B26F0AD00F29E04 /* Project object */;
}
